// !$*UTF8*$!
{
	archiveVersion = 1;
	classes = {
	};
	objectVersion = 46;
	objects = {

/* Begin PBXBuildFile section */
		101BCB4A1E9C7CD6000A8D3E /* SVProfileSettingsCell.swift in Sources */ = {isa = PBXBuildFile; fileRef = 101BCB491E9C7CD6000A8D3E /* SVProfileSettingsCell.swift */; };
		104E1BC11E9D3B790095E742 /* SVEditUserViewController.swift in Sources */ = {isa = PBXBuildFile; fileRef = 104E1BC01E9D3B790095E742 /* SVEditUserViewController.swift */; };
		104E1BC31E9D688F0095E742 /* UIFont.swift in Sources */ = {isa = PBXBuildFile; fileRef = 104E1BC21E9D688F0095E742 /* UIFont.swift */; };
		104E1BC51E9D87BD0095E742 /* SVPaymentsViewController.swift in Sources */ = {isa = PBXBuildFile; fileRef = 104E1BC41E9D87BD0095E742 /* SVPaymentsViewController.swift */; };
		10779DE11E9C142300287557 /* AppDelegate.swift in Sources */ = {isa = PBXBuildFile; fileRef = 10779DE01E9C142300287557 /* AppDelegate.swift */; };
		10779DE31E9C142300287557 /* ViewController.swift in Sources */ = {isa = PBXBuildFile; fileRef = 10779DE21E9C142300287557 /* ViewController.swift */; };
		10779DE61E9C142300287557 /* Main.storyboard in Resources */ = {isa = PBXBuildFile; fileRef = 10779DE41E9C142300287557 /* Main.storyboard */; };
		10779DE81E9C142300287557 /* Assets.xcassets in Resources */ = {isa = PBXBuildFile; fileRef = 10779DE71E9C142300287557 /* Assets.xcassets */; };
		10779DEB1E9C142300287557 /* LaunchScreen.storyboard in Resources */ = {isa = PBXBuildFile; fileRef = 10779DE91E9C142300287557 /* LaunchScreen.storyboard */; };
		10779DF61E9C142300287557 /* SeeViTests.swift in Sources */ = {isa = PBXBuildFile; fileRef = 10779DF51E9C142300287557 /* SeeViTests.swift */; };
		10779E011E9C142300287557 /* SeeViUITests.swift in Sources */ = {isa = PBXBuildFile; fileRef = 10779E001E9C142300287557 /* SeeViUITests.swift */; };
		10779E101E9C16D800287557 /* MainTabBarController.swift in Sources */ = {isa = PBXBuildFile; fileRef = 10779E0F1E9C16D800287557 /* MainTabBarController.swift */; };
		10779E131E9C172400287557 /* SeeViSearchViewController.swift in Sources */ = {isa = PBXBuildFile; fileRef = 10779E121E9C172400287557 /* SeeViSearchViewController.swift */; };
		10779E161E9C24BB00287557 /* UIColor.swift in Sources */ = {isa = PBXBuildFile; fileRef = 10779E151E9C24BB00287557 /* UIColor.swift */; };
		10DCFC7F1E9C3B8200ADAD9D /* SeeViMainFeedViewController.swift in Sources */ = {isa = PBXBuildFile; fileRef = 10DCFC7E1E9C3B8200ADAD9D /* SeeViMainFeedViewController.swift */; };
		10DCFC821E9C44B000ADAD9D /* MainFeedTableCell.swift in Sources */ = {isa = PBXBuildFile; fileRef = 10DCFC811E9C44B000ADAD9D /* MainFeedTableCell.swift */; };
		10DCFC851E9C5E2400ADAD9D /* SVProfileViewController.swift in Sources */ = {isa = PBXBuildFile; fileRef = 10DCFC841E9C5E2400ADAD9D /* SVProfileViewController.swift */; };
		10DCFC871E9C624A00ADAD9D /* SVProfileUserCell.swift in Sources */ = {isa = PBXBuildFile; fileRef = 10DCFC861E9C624A00ADAD9D /* SVProfileUserCell.swift */; };
		10DCFC891E9C699700ADAD9D /* SVUserSettingsTableViewController.swift in Sources */ = {isa = PBXBuildFile; fileRef = 10DCFC881E9C699700ADAD9D /* SVUserSettingsTableViewController.swift */; };
		94721EDBCA10C8D7E4FA01FA /* Pods_SeeViTests.framework in Frameworks */ = {isa = PBXBuildFile; fileRef = D7FB9A878A6A9C4181B3DC7E /* Pods_SeeViTests.framework */; };
		A926B5D011383368EBCFA549 /* Pods_SeeVi.framework in Frameworks */ = {isa = PBXBuildFile; fileRef = 97B05481957BF2F2A59439E7 /* Pods_SeeVi.framework */; };
		CDE7B9458BE3ABCFF1B9C730 /* Pods_SeeViUITests.framework in Frameworks */ = {isa = PBXBuildFile; fileRef = 68D958122A69F332734DB888 /* Pods_SeeViUITests.framework */; };
/* End PBXBuildFile section */

/* Begin PBXContainerItemProxy section */
		10779DF21E9C142300287557 /* PBXContainerItemProxy */ = {
			isa = PBXContainerItemProxy;
			containerPortal = 10779DD51E9C142300287557 /* Project object */;
			proxyType = 1;
			remoteGlobalIDString = 10779DDC1E9C142300287557;
			remoteInfo = SeeVi;
		};
		10779DFD1E9C142300287557 /* PBXContainerItemProxy */ = {
			isa = PBXContainerItemProxy;
			containerPortal = 10779DD51E9C142300287557 /* Project object */;
			proxyType = 1;
			remoteGlobalIDString = 10779DDC1E9C142300287557;
			remoteInfo = SeeVi;
		};
/* End PBXContainerItemProxy section */

/* Begin PBXFileReference section */
		069D59AAC142E5332B1D570F /* Pods-SeeViTests.release.xcconfig */ = {isa = PBXFileReference; includeInIndex = 1; lastKnownFileType = text.xcconfig; name = "Pods-SeeViTests.release.xcconfig"; path = "Pods/Target Support Files/Pods-SeeViTests/Pods-SeeViTests.release.xcconfig"; sourceTree = "<group>"; };
		101BCB491E9C7CD6000A8D3E /* SVProfileSettingsCell.swift */ = {isa = PBXFileReference; fileEncoding = 4; lastKnownFileType = sourcecode.swift; path = SVProfileSettingsCell.swift; sourceTree = "<group>"; };
		104E1BC01E9D3B790095E742 /* SVEditUserViewController.swift */ = {isa = PBXFileReference; fileEncoding = 4; lastKnownFileType = sourcecode.swift; path = SVEditUserViewController.swift; sourceTree = "<group>"; };
		104E1BC21E9D688F0095E742 /* UIFont.swift */ = {isa = PBXFileReference; fileEncoding = 4; lastKnownFileType = sourcecode.swift; path = UIFont.swift; sourceTree = "<group>"; };
		104E1BC41E9D87BD0095E742 /* SVPaymentsViewController.swift */ = {isa = PBXFileReference; fileEncoding = 4; lastKnownFileType = sourcecode.swift; path = SVPaymentsViewController.swift; sourceTree = "<group>"; };
		10779DDD1E9C142300287557 /* SeeVi.app */ = {isa = PBXFileReference; explicitFileType = wrapper.application; includeInIndex = 0; path = SeeVi.app; sourceTree = BUILT_PRODUCTS_DIR; };
		10779DE01E9C142300287557 /* AppDelegate.swift */ = {isa = PBXFileReference; lastKnownFileType = sourcecode.swift; path = AppDelegate.swift; sourceTree = "<group>"; };
		10779DE21E9C142300287557 /* ViewController.swift */ = {isa = PBXFileReference; lastKnownFileType = sourcecode.swift; path = ViewController.swift; sourceTree = "<group>"; };
		10779DE51E9C142300287557 /* Base */ = {isa = PBXFileReference; lastKnownFileType = file.storyboard; name = Base; path = Base.lproj/Main.storyboard; sourceTree = "<group>"; };
		10779DE71E9C142300287557 /* Assets.xcassets */ = {isa = PBXFileReference; lastKnownFileType = folder.assetcatalog; path = Assets.xcassets; sourceTree = "<group>"; };
		10779DEA1E9C142300287557 /* Base */ = {isa = PBXFileReference; lastKnownFileType = file.storyboard; name = Base; path = Base.lproj/LaunchScreen.storyboard; sourceTree = "<group>"; };
		10779DEC1E9C142300287557 /* Info.plist */ = {isa = PBXFileReference; lastKnownFileType = text.plist.xml; path = Info.plist; sourceTree = "<group>"; };
		10779DF11E9C142300287557 /* SeeViTests.xctest */ = {isa = PBXFileReference; explicitFileType = wrapper.cfbundle; includeInIndex = 0; path = SeeViTests.xctest; sourceTree = BUILT_PRODUCTS_DIR; };
		10779DF51E9C142300287557 /* SeeViTests.swift */ = {isa = PBXFileReference; lastKnownFileType = sourcecode.swift; path = SeeViTests.swift; sourceTree = "<group>"; };
		10779DF71E9C142300287557 /* Info.plist */ = {isa = PBXFileReference; lastKnownFileType = text.plist.xml; path = Info.plist; sourceTree = "<group>"; };
		10779DFC1E9C142300287557 /* SeeViUITests.xctest */ = {isa = PBXFileReference; explicitFileType = wrapper.cfbundle; includeInIndex = 0; path = SeeViUITests.xctest; sourceTree = BUILT_PRODUCTS_DIR; };
		10779E001E9C142300287557 /* SeeViUITests.swift */ = {isa = PBXFileReference; lastKnownFileType = sourcecode.swift; path = SeeViUITests.swift; sourceTree = "<group>"; };
		10779E021E9C142300287557 /* Info.plist */ = {isa = PBXFileReference; lastKnownFileType = text.plist.xml; path = Info.plist; sourceTree = "<group>"; };
		10779E0F1E9C16D800287557 /* MainTabBarController.swift */ = {isa = PBXFileReference; fileEncoding = 4; lastKnownFileType = sourcecode.swift; path = MainTabBarController.swift; sourceTree = "<group>"; };
		10779E121E9C172400287557 /* SeeViSearchViewController.swift */ = {isa = PBXFileReference; fileEncoding = 4; lastKnownFileType = sourcecode.swift; path = SeeViSearchViewController.swift; sourceTree = "<group>"; };
		10779E151E9C24BB00287557 /* UIColor.swift */ = {isa = PBXFileReference; fileEncoding = 4; lastKnownFileType = sourcecode.swift; path = UIColor.swift; sourceTree = "<group>"; };
		10DCFC7E1E9C3B8200ADAD9D /* SeeViMainFeedViewController.swift */ = {isa = PBXFileReference; fileEncoding = 4; lastKnownFileType = sourcecode.swift; path = SeeViMainFeedViewController.swift; sourceTree = "<group>"; };
		10DCFC811E9C44B000ADAD9D /* MainFeedTableCell.swift */ = {isa = PBXFileReference; fileEncoding = 4; lastKnownFileType = sourcecode.swift; path = MainFeedTableCell.swift; sourceTree = "<group>"; };
		10DCFC841E9C5E2400ADAD9D /* SVProfileViewController.swift */ = {isa = PBXFileReference; fileEncoding = 4; lastKnownFileType = sourcecode.swift; path = SVProfileViewController.swift; sourceTree = "<group>"; };
		10DCFC861E9C624A00ADAD9D /* SVProfileUserCell.swift */ = {isa = PBXFileReference; fileEncoding = 4; lastKnownFileType = sourcecode.swift; path = SVProfileUserCell.swift; sourceTree = "<group>"; };
		10DCFC881E9C699700ADAD9D /* SVUserSettingsTableViewController.swift */ = {isa = PBXFileReference; fileEncoding = 4; lastKnownFileType = sourcecode.swift; path = SVUserSettingsTableViewController.swift; sourceTree = "<group>"; };
		116E4F1A1548294BF50407B4 /* Pods-SeeViTests.debug.xcconfig */ = {isa = PBXFileReference; includeInIndex = 1; lastKnownFileType = text.xcconfig; name = "Pods-SeeViTests.debug.xcconfig"; path = "Pods/Target Support Files/Pods-SeeViTests/Pods-SeeViTests.debug.xcconfig"; sourceTree = "<group>"; };
		4664814C9453548D34778AF8 /* Pods-SeeVi.release.xcconfig */ = {isa = PBXFileReference; includeInIndex = 1; lastKnownFileType = text.xcconfig; name = "Pods-SeeVi.release.xcconfig"; path = "Pods/Target Support Files/Pods-SeeVi/Pods-SeeVi.release.xcconfig"; sourceTree = "<group>"; };
		586459E8617230A53872667D /* Pods-SeeVi.debug.xcconfig */ = {isa = PBXFileReference; includeInIndex = 1; lastKnownFileType = text.xcconfig; name = "Pods-SeeVi.debug.xcconfig"; path = "Pods/Target Support Files/Pods-SeeVi/Pods-SeeVi.debug.xcconfig"; sourceTree = "<group>"; };
		5DF9434BB47002421FAD643C /* Pods-SeeViUITests.release.xcconfig */ = {isa = PBXFileReference; includeInIndex = 1; lastKnownFileType = text.xcconfig; name = "Pods-SeeViUITests.release.xcconfig"; path = "Pods/Target Support Files/Pods-SeeViUITests/Pods-SeeViUITests.release.xcconfig"; sourceTree = "<group>"; };
		68D958122A69F332734DB888 /* Pods_SeeViUITests.framework */ = {isa = PBXFileReference; explicitFileType = wrapper.framework; includeInIndex = 0; path = Pods_SeeViUITests.framework; sourceTree = BUILT_PRODUCTS_DIR; };
		97B05481957BF2F2A59439E7 /* Pods_SeeVi.framework */ = {isa = PBXFileReference; explicitFileType = wrapper.framework; includeInIndex = 0; path = Pods_SeeVi.framework; sourceTree = BUILT_PRODUCTS_DIR; };
		D1A22442B532858C8A46C1C1 /* Pods-SeeViUITests.debug.xcconfig */ = {isa = PBXFileReference; includeInIndex = 1; lastKnownFileType = text.xcconfig; name = "Pods-SeeViUITests.debug.xcconfig"; path = "Pods/Target Support Files/Pods-SeeViUITests/Pods-SeeViUITests.debug.xcconfig"; sourceTree = "<group>"; };
		D7FB9A878A6A9C4181B3DC7E /* Pods_SeeViTests.framework */ = {isa = PBXFileReference; explicitFileType = wrapper.framework; includeInIndex = 0; path = Pods_SeeViTests.framework; sourceTree = BUILT_PRODUCTS_DIR; };
/* End PBXFileReference section */

/* Begin PBXFrameworksBuildPhase section */
		10779DDA1E9C142300287557 /* Frameworks */ = {
			isa = PBXFrameworksBuildPhase;
			buildActionMask = 2147483647;
			files = (
				A926B5D011383368EBCFA549 /* Pods_SeeVi.framework in Frameworks */,
			);
			runOnlyForDeploymentPostprocessing = 0;
		};
		10779DEE1E9C142300287557 /* Frameworks */ = {
			isa = PBXFrameworksBuildPhase;
			buildActionMask = 2147483647;
			files = (
				94721EDBCA10C8D7E4FA01FA /* Pods_SeeViTests.framework in Frameworks */,
			);
			runOnlyForDeploymentPostprocessing = 0;
		};
		10779DF91E9C142300287557 /* Frameworks */ = {
			isa = PBXFrameworksBuildPhase;
			buildActionMask = 2147483647;
			files = (
				CDE7B9458BE3ABCFF1B9C730 /* Pods_SeeViUITests.framework in Frameworks */,
			);
			runOnlyForDeploymentPostprocessing = 0;
		};
/* End PBXFrameworksBuildPhase section */

/* Begin PBXGroup section */
		03BEF0B6156675A682CDD6A2 /* Pods */ = {
			isa = PBXGroup;
			children = (
				586459E8617230A53872667D /* Pods-SeeVi.debug.xcconfig */,
				4664814C9453548D34778AF8 /* Pods-SeeVi.release.xcconfig */,
				116E4F1A1548294BF50407B4 /* Pods-SeeViTests.debug.xcconfig */,
				069D59AAC142E5332B1D570F /* Pods-SeeViTests.release.xcconfig */,
				D1A22442B532858C8A46C1C1 /* Pods-SeeViUITests.debug.xcconfig */,
				5DF9434BB47002421FAD643C /* Pods-SeeViUITests.release.xcconfig */,
			);
			name = Pods;
			sourceTree = "<group>";
		};
		10779DD41E9C142300287557 = {
			isa = PBXGroup;
			children = (
				10779DDF1E9C142300287557 /* SeeVi */,
				10779DF41E9C142300287557 /* SeeViTests */,
				10779DFF1E9C142300287557 /* SeeViUITests */,
				10779DDE1E9C142300287557 /* Products */,
				03BEF0B6156675A682CDD6A2 /* Pods */,
				331E4596A920351A9C934BA1 /* Frameworks */,
			);
			sourceTree = "<group>";
		};
		10779DDE1E9C142300287557 /* Products */ = {
			isa = PBXGroup;
			children = (
				10779DDD1E9C142300287557 /* SeeVi.app */,
				10779DF11E9C142300287557 /* SeeViTests.xctest */,
				10779DFC1E9C142300287557 /* SeeViUITests.xctest */,
			);
			name = Products;
			sourceTree = "<group>";
		};
		10779DDF1E9C142300287557 /* SeeVi */ = {
			isa = PBXGroup;
			children = (
				10779DE01E9C142300287557 /* AppDelegate.swift */,
				10DCFC831E9C5E0800ADAD9D /* ProfileControllers */,
				10779E171E9C3B2A00287557 /* SearchControllers */,
				10779E141E9C24A200287557 /* Extensions */,
				10779E111E9C16FD00287557 /* FeedControllers */,
				10DCFC801E9C442400ADAD9D /* CustomCells */,
				10779E0E1E9C16BA00287557 /* CustomNavigation */,
				10779DE21E9C142300287557 /* ViewController.swift */,
				10779DE41E9C142300287557 /* Main.storyboard */,
				10779DE71E9C142300287557 /* Assets.xcassets */,
				10779DE91E9C142300287557 /* LaunchScreen.storyboard */,
				10779DEC1E9C142300287557 /* Info.plist */,
			);
			path = SeeVi;
			sourceTree = "<group>";
		};
		10779DF41E9C142300287557 /* SeeViTests */ = {
			isa = PBXGroup;
			children = (
				10779DF51E9C142300287557 /* SeeViTests.swift */,
				10779DF71E9C142300287557 /* Info.plist */,
			);
			path = SeeViTests;
			sourceTree = "<group>";
		};
		10779DFF1E9C142300287557 /* SeeViUITests */ = {
			isa = PBXGroup;
			children = (
				10779E001E9C142300287557 /* SeeViUITests.swift */,
				10779E021E9C142300287557 /* Info.plist */,
			);
			path = SeeViUITests;
			sourceTree = "<group>";
		};
		10779E0E1E9C16BA00287557 /* CustomNavigation */ = {
			isa = PBXGroup;
			children = (
				10779E0F1E9C16D800287557 /* MainTabBarController.swift */,
			);
			name = CustomNavigation;
			sourceTree = "<group>";
		};
		10779E111E9C16FD00287557 /* FeedControllers */ = {
			isa = PBXGroup;
			children = (
				10DCFC7E1E9C3B8200ADAD9D /* SeeViMainFeedViewController.swift */,
			);
			name = FeedControllers;
			sourceTree = "<group>";
		};
		10779E141E9C24A200287557 /* Extensions */ = {
			isa = PBXGroup;
			children = (
				10779E151E9C24BB00287557 /* UIColor.swift */,
				104E1BC21E9D688F0095E742 /* UIFont.swift */,
			);
			name = Extensions;
			sourceTree = "<group>";
		};
		10779E171E9C3B2A00287557 /* SearchControllers */ = {
			isa = PBXGroup;
			children = (
				10779E121E9C172400287557 /* SeeViSearchViewController.swift */,
			);
			name = SearchControllers;
			sourceTree = "<group>";
		};
		10DCFC801E9C442400ADAD9D /* CustomCells */ = {
			isa = PBXGroup;
			children = (
				10DCFC811E9C44B000ADAD9D /* MainFeedTableCell.swift */,
				10DCFC861E9C624A00ADAD9D /* SVProfileUserCell.swift */,
				101BCB491E9C7CD6000A8D3E /* SVProfileSettingsCell.swift */,
			);
			name = CustomCells;
			sourceTree = "<group>";
		};
		10DCFC831E9C5E0800ADAD9D /* ProfileControllers */ = {
			isa = PBXGroup;
			children = (
				10DCFC841E9C5E2400ADAD9D /* SVProfileViewController.swift */,
				10DCFC881E9C699700ADAD9D /* SVUserSettingsTableViewController.swift */,
				104E1BC01E9D3B790095E742 /* SVEditUserViewController.swift */,
				104E1BC41E9D87BD0095E742 /* SVPaymentsViewController.swift */,
			);
			name = ProfileControllers;
			sourceTree = "<group>";
		};
		331E4596A920351A9C934BA1 /* Frameworks */ = {
			isa = PBXGroup;
			children = (
				97B05481957BF2F2A59439E7 /* Pods_SeeVi.framework */,
				D7FB9A878A6A9C4181B3DC7E /* Pods_SeeViTests.framework */,
				68D958122A69F332734DB888 /* Pods_SeeViUITests.framework */,
			);
			name = Frameworks;
			sourceTree = "<group>";
		};
/* End PBXGroup section */

/* Begin PBXNativeTarget section */
		10779DDC1E9C142300287557 /* SeeVi */ = {
			isa = PBXNativeTarget;
			buildConfigurationList = 10779E051E9C142300287557 /* Build configuration list for PBXNativeTarget "SeeVi" */;
			buildPhases = (
				59FBACEB16C3637F601911C7 /* [CP] Check Pods Manifest.lock */,
				10779DD91E9C142300287557 /* Sources */,
				10779DDA1E9C142300287557 /* Frameworks */,
				10779DDB1E9C142300287557 /* Resources */,
				B643A60E35F7475378AB2613 /* [CP] Embed Pods Frameworks */,
				81D00EB41AACD7E9D18AD89E /* [CP] Copy Pods Resources */,
			);
			buildRules = (
			);
			dependencies = (
			);
			name = SeeVi;
			productName = SeeVi;
			productReference = 10779DDD1E9C142300287557 /* SeeVi.app */;
			productType = "com.apple.product-type.application";
		};
		10779DF01E9C142300287557 /* SeeViTests */ = {
			isa = PBXNativeTarget;
			buildConfigurationList = 10779E081E9C142300287557 /* Build configuration list for PBXNativeTarget "SeeViTests" */;
			buildPhases = (
				9CF12B8F1AE8FB41F1C8C94B /* [CP] Check Pods Manifest.lock */,
				10779DED1E9C142300287557 /* Sources */,
				10779DEE1E9C142300287557 /* Frameworks */,
				10779DEF1E9C142300287557 /* Resources */,
				B13328123DF6833E3054FB38 /* [CP] Embed Pods Frameworks */,
				8F553C59310A6249288F1CB7 /* [CP] Copy Pods Resources */,
			);
			buildRules = (
			);
			dependencies = (
				10779DF31E9C142300287557 /* PBXTargetDependency */,
			);
			name = SeeViTests;
			productName = SeeViTests;
			productReference = 10779DF11E9C142300287557 /* SeeViTests.xctest */;
			productType = "com.apple.product-type.bundle.unit-test";
		};
		10779DFB1E9C142300287557 /* SeeViUITests */ = {
			isa = PBXNativeTarget;
			buildConfigurationList = 10779E0B1E9C142300287557 /* Build configuration list for PBXNativeTarget "SeeViUITests" */;
			buildPhases = (
				D80371E43CE8F4EA83C1A65B /* [CP] Check Pods Manifest.lock */,
				10779DF81E9C142300287557 /* Sources */,
				10779DF91E9C142300287557 /* Frameworks */,
				10779DFA1E9C142300287557 /* Resources */,
				70BBD556618BA8D5B8166F09 /* [CP] Embed Pods Frameworks */,
				609B5C97D4F169D1306C2421 /* [CP] Copy Pods Resources */,
			);
			buildRules = (
			);
			dependencies = (
				10779DFE1E9C142300287557 /* PBXTargetDependency */,
			);
			name = SeeViUITests;
			productName = SeeViUITests;
			productReference = 10779DFC1E9C142300287557 /* SeeViUITests.xctest */;
			productType = "com.apple.product-type.bundle.ui-testing";
		};
/* End PBXNativeTarget section */

/* Begin PBXProject section */
		10779DD51E9C142300287557 /* Project object */ = {
			isa = PBXProject;
			attributes = {
				LastSwiftUpdateCheck = 0810;
				LastUpgradeCheck = 0810;
				ORGANIZATIONNAME = "Ty Daniels";
				TargetAttributes = {
					10779DDC1E9C142300287557 = {
						CreatedOnToolsVersion = 8.1;
						ProvisioningStyle = Automatic;
					};
					10779DF01E9C142300287557 = {
						CreatedOnToolsVersion = 8.1;
						ProvisioningStyle = Automatic;
						TestTargetID = 10779DDC1E9C142300287557;
					};
					10779DFB1E9C142300287557 = {
						CreatedOnToolsVersion = 8.1;
						ProvisioningStyle = Automatic;
						TestTargetID = 10779DDC1E9C142300287557;
					};
				};
			};
			buildConfigurationList = 10779DD81E9C142300287557 /* Build configuration list for PBXProject "SeeVi" */;
			compatibilityVersion = "Xcode 3.2";
			developmentRegion = English;
			hasScannedForEncodings = 0;
			knownRegions = (
				en,
				Base,
			);
			mainGroup = 10779DD41E9C142300287557;
			productRefGroup = 10779DDE1E9C142300287557 /* Products */;
			projectDirPath = "";
			projectRoot = "";
			targets = (
				10779DDC1E9C142300287557 /* SeeVi */,
				10779DF01E9C142300287557 /* SeeViTests */,
				10779DFB1E9C142300287557 /* SeeViUITests */,
			);
		};
/* End PBXProject section */

/* Begin PBXResourcesBuildPhase section */
		10779DDB1E9C142300287557 /* Resources */ = {
			isa = PBXResourcesBuildPhase;
			buildActionMask = 2147483647;
			files = (
				10779DEB1E9C142300287557 /* LaunchScreen.storyboard in Resources */,
				10779DE81E9C142300287557 /* Assets.xcassets in Resources */,
				10779DE61E9C142300287557 /* Main.storyboard in Resources */,
			);
			runOnlyForDeploymentPostprocessing = 0;
		};
		10779DEF1E9C142300287557 /* Resources */ = {
			isa = PBXResourcesBuildPhase;
			buildActionMask = 2147483647;
			files = (
			);
			runOnlyForDeploymentPostprocessing = 0;
		};
		10779DFA1E9C142300287557 /* Resources */ = {
			isa = PBXResourcesBuildPhase;
			buildActionMask = 2147483647;
			files = (
			);
			runOnlyForDeploymentPostprocessing = 0;
		};
/* End PBXResourcesBuildPhase section */

/* Begin PBXShellScriptBuildPhase section */
		59FBACEB16C3637F601911C7 /* [CP] Check Pods Manifest.lock */ = {
			isa = PBXShellScriptBuildPhase;
			buildActionMask = 2147483647;
			files = (
			);
			inputPaths = (
			);
			name = "[CP] Check Pods Manifest.lock";
			outputPaths = (
			);
			runOnlyForDeploymentPostprocessing = 0;
			shellPath = /bin/sh;
			shellScript = "diff \"${PODS_ROOT}/../Podfile.lock\" \"${PODS_ROOT}/Manifest.lock\" > /dev/null\nif [ $? != 0 ] ; then\n    # print error to STDERR\n    echo \"error: The sandbox is not in sync with the Podfile.lock. Run 'pod install' or update your CocoaPods installation.\" >&2\n    exit 1\nfi\n";
			showEnvVarsInLog = 0;
		};
		609B5C97D4F169D1306C2421 /* [CP] Copy Pods Resources */ = {
			isa = PBXShellScriptBuildPhase;
			buildActionMask = 2147483647;
			files = (
			);
			inputPaths = (
			);
			name = "[CP] Copy Pods Resources";
			outputPaths = (
			);
			runOnlyForDeploymentPostprocessing = 0;
			shellPath = /bin/sh;
			shellScript = "\"${SRCROOT}/Pods/Target Support Files/Pods-SeeViUITests/Pods-SeeViUITests-resources.sh\"\n";
			showEnvVarsInLog = 0;
		};
		70BBD556618BA8D5B8166F09 /* [CP] Embed Pods Frameworks */ = {
			isa = PBXShellScriptBuildPhase;
			buildActionMask = 2147483647;
			files = (
			);
			inputPaths = (
			);
			name = "[CP] Embed Pods Frameworks";
			outputPaths = (
			);
			runOnlyForDeploymentPostprocessing = 0;
			shellPath = /bin/sh;
			shellScript = "\"${SRCROOT}/Pods/Target Support Files/Pods-SeeViUITests/Pods-SeeViUITests-frameworks.sh\"\n";
			showEnvVarsInLog = 0;
		};
		81D00EB41AACD7E9D18AD89E /* [CP] Copy Pods Resources */ = {
			isa = PBXShellScriptBuildPhase;
			buildActionMask = 2147483647;
			files = (
			);
			inputPaths = (
			);
			name = "[CP] Copy Pods Resources";
			outputPaths = (
			);
			runOnlyForDeploymentPostprocessing = 0;
			shellPath = /bin/sh;
			shellScript = "\"${SRCROOT}/Pods/Target Support Files/Pods-SeeVi/Pods-SeeVi-resources.sh\"\n";
			showEnvVarsInLog = 0;
		};
		8F553C59310A6249288F1CB7 /* [CP] Copy Pods Resources */ = {
			isa = PBXShellScriptBuildPhase;
			buildActionMask = 2147483647;
			files = (
			);
			inputPaths = (
			);
			name = "[CP] Copy Pods Resources";
			outputPaths = (
			);
			runOnlyForDeploymentPostprocessing = 0;
			shellPath = /bin/sh;
			shellScript = "\"${SRCROOT}/Pods/Target Support Files/Pods-SeeViTests/Pods-SeeViTests-resources.sh\"\n";
			showEnvVarsInLog = 0;
		};
		9CF12B8F1AE8FB41F1C8C94B /* [CP] Check Pods Manifest.lock */ = {
			isa = PBXShellScriptBuildPhase;
			buildActionMask = 2147483647;
			files = (
			);
			inputPaths = (
			);
			name = "[CP] Check Pods Manifest.lock";
			outputPaths = (
			);
			runOnlyForDeploymentPostprocessing = 0;
			shellPath = /bin/sh;
			shellScript = "diff \"${PODS_ROOT}/../Podfile.lock\" \"${PODS_ROOT}/Manifest.lock\" > /dev/null\nif [ $? != 0 ] ; then\n    # print error to STDERR\n    echo \"error: The sandbox is not in sync with the Podfile.lock. Run 'pod install' or update your CocoaPods installation.\" >&2\n    exit 1\nfi\n";
			showEnvVarsInLog = 0;
		};
		B13328123DF6833E3054FB38 /* [CP] Embed Pods Frameworks */ = {
			isa = PBXShellScriptBuildPhase;
			buildActionMask = 2147483647;
			files = (
			);
			inputPaths = (
			);
			name = "[CP] Embed Pods Frameworks";
			outputPaths = (
			);
			runOnlyForDeploymentPostprocessing = 0;
			shellPath = /bin/sh;
			shellScript = "\"${SRCROOT}/Pods/Target Support Files/Pods-SeeViTests/Pods-SeeViTests-frameworks.sh\"\n";
			showEnvVarsInLog = 0;
		};
		B643A60E35F7475378AB2613 /* [CP] Embed Pods Frameworks */ = {
			isa = PBXShellScriptBuildPhase;
			buildActionMask = 2147483647;
			files = (
			);
			inputPaths = (
			);
			name = "[CP] Embed Pods Frameworks";
			outputPaths = (
			);
			runOnlyForDeploymentPostprocessing = 0;
			shellPath = /bin/sh;
			shellScript = "\"${SRCROOT}/Pods/Target Support Files/Pods-SeeVi/Pods-SeeVi-frameworks.sh\"\n";
			showEnvVarsInLog = 0;
		};
		D80371E43CE8F4EA83C1A65B /* [CP] Check Pods Manifest.lock */ = {
			isa = PBXShellScriptBuildPhase;
			buildActionMask = 2147483647;
			files = (
			);
			inputPaths = (
			);
			name = "[CP] Check Pods Manifest.lock";
			outputPaths = (
			);
			runOnlyForDeploymentPostprocessing = 0;
			shellPath = /bin/sh;
			shellScript = "diff \"${PODS_ROOT}/../Podfile.lock\" \"${PODS_ROOT}/Manifest.lock\" > /dev/null\nif [ $? != 0 ] ; then\n    # print error to STDERR\n    echo \"error: The sandbox is not in sync with the Podfile.lock. Run 'pod install' or update your CocoaPods installation.\" >&2\n    exit 1\nfi\n";
			showEnvVarsInLog = 0;
		};
/* End PBXShellScriptBuildPhase section */

/* Begin PBXSourcesBuildPhase section */
		10779DD91E9C142300287557 /* Sources */ = {
			isa = PBXSourcesBuildPhase;
			buildActionMask = 2147483647;
			files = (
				10779DE31E9C142300287557 /* ViewController.swift in Sources */,
				10DCFC891E9C699700ADAD9D /* SVUserSettingsTableViewController.swift in Sources */,
				104E1BC11E9D3B790095E742 /* SVEditUserViewController.swift in Sources */,
				101BCB4A1E9C7CD6000A8D3E /* SVProfileSettingsCell.swift in Sources */,
				10DCFC851E9C5E2400ADAD9D /* SVProfileViewController.swift in Sources */,
				10779E131E9C172400287557 /* SeeViSearchViewController.swift in Sources */,
				10DCFC871E9C624A00ADAD9D /* SVProfileUserCell.swift in Sources */,
				10779DE11E9C142300287557 /* AppDelegate.swift in Sources */,
				104E1BC51E9D87BD0095E742 /* SVPaymentsViewController.swift in Sources */,
				10779E101E9C16D800287557 /* MainTabBarController.swift in Sources */,
				104E1BC31E9D688F0095E742 /* UIFont.swift in Sources */,
				10DCFC821E9C44B000ADAD9D /* MainFeedTableCell.swift in Sources */,
				10DCFC7F1E9C3B8200ADAD9D /* SeeViMainFeedViewController.swift in Sources */,
				10779E161E9C24BB00287557 /* UIColor.swift in Sources */,
			);
			runOnlyForDeploymentPostprocessing = 0;
		};
		10779DED1E9C142300287557 /* Sources */ = {
			isa = PBXSourcesBuildPhase;
			buildActionMask = 2147483647;
			files = (
				10779DF61E9C142300287557 /* SeeViTests.swift in Sources */,
			);
			runOnlyForDeploymentPostprocessing = 0;
		};
		10779DF81E9C142300287557 /* Sources */ = {
			isa = PBXSourcesBuildPhase;
			buildActionMask = 2147483647;
			files = (
				10779E011E9C142300287557 /* SeeViUITests.swift in Sources */,
			);
			runOnlyForDeploymentPostprocessing = 0;
		};
/* End PBXSourcesBuildPhase section */

/* Begin PBXTargetDependency section */
		10779DF31E9C142300287557 /* PBXTargetDependency */ = {
			isa = PBXTargetDependency;
			target = 10779DDC1E9C142300287557 /* SeeVi */;
			targetProxy = 10779DF21E9C142300287557 /* PBXContainerItemProxy */;
		};
		10779DFE1E9C142300287557 /* PBXTargetDependency */ = {
			isa = PBXTargetDependency;
			target = 10779DDC1E9C142300287557 /* SeeVi */;
			targetProxy = 10779DFD1E9C142300287557 /* PBXContainerItemProxy */;
		};
/* End PBXTargetDependency section */

/* Begin PBXVariantGroup section */
		10779DE41E9C142300287557 /* Main.storyboard */ = {
			isa = PBXVariantGroup;
			children = (
				10779DE51E9C142300287557 /* Base */,
			);
			name = Main.storyboard;
			sourceTree = "<group>";
		};
		10779DE91E9C142300287557 /* LaunchScreen.storyboard */ = {
			isa = PBXVariantGroup;
			children = (
				10779DEA1E9C142300287557 /* Base */,
			);
			name = LaunchScreen.storyboard;
			sourceTree = "<group>";
		};
/* End PBXVariantGroup section */

/* Begin XCBuildConfiguration section */
		10779E031E9C142300287557 /* Debug */ = {
			isa = XCBuildConfiguration;
			buildSettings = {
				ALWAYS_SEARCH_USER_PATHS = NO;
				CLANG_ANALYZER_NONNULL = YES;
				CLANG_CXX_LANGUAGE_STANDARD = "gnu++0x";
				CLANG_CXX_LIBRARY = "libc++";
				CLANG_ENABLE_MODULES = YES;
				CLANG_ENABLE_OBJC_ARC = YES;
				CLANG_WARN_BOOL_CONVERSION = YES;
				CLANG_WARN_CONSTANT_CONVERSION = YES;
				CLANG_WARN_DIRECT_OBJC_ISA_USAGE = YES_ERROR;
				CLANG_WARN_DOCUMENTATION_COMMENTS = YES;
				CLANG_WARN_EMPTY_BODY = YES;
				CLANG_WARN_ENUM_CONVERSION = YES;
				CLANG_WARN_INFINITE_RECURSION = YES;
				CLANG_WARN_INT_CONVERSION = YES;
				CLANG_WARN_OBJC_ROOT_CLASS = YES_ERROR;
				CLANG_WARN_SUSPICIOUS_MOVES = YES;
				CLANG_WARN_UNREACHABLE_CODE = YES;
				CLANG_WARN__DUPLICATE_METHOD_MATCH = YES;
				"CODE_SIGN_IDENTITY[sdk=iphoneos*]" = "iPhone Developer";
				COPY_PHASE_STRIP = NO;
				DEBUG_INFORMATION_FORMAT = dwarf;
				ENABLE_STRICT_OBJC_MSGSEND = YES;
				ENABLE_TESTABILITY = YES;
				GCC_C_LANGUAGE_STANDARD = gnu99;
				GCC_DYNAMIC_NO_PIC = NO;
				GCC_NO_COMMON_BLOCKS = YES;
				GCC_OPTIMIZATION_LEVEL = 0;
				GCC_PREPROCESSOR_DEFINITIONS = (
					"DEBUG=1",
					"$(inherited)",
				);
				GCC_WARN_64_TO_32_BIT_CONVERSION = YES;
				GCC_WARN_ABOUT_RETURN_TYPE = YES_ERROR;
				GCC_WARN_UNDECLARED_SELECTOR = YES;
				GCC_WARN_UNINITIALIZED_AUTOS = YES_AGGRESSIVE;
				GCC_WARN_UNUSED_FUNCTION = YES;
				GCC_WARN_UNUSED_VARIABLE = YES;
				IPHONEOS_DEPLOYMENT_TARGET = 10.1;
				MTL_ENABLE_DEBUG_INFO = YES;
				ONLY_ACTIVE_ARCH = YES;
				SDKROOT = iphoneos;
				SWIFT_ACTIVE_COMPILATION_CONDITIONS = DEBUG;
				SWIFT_OPTIMIZATION_LEVEL = "-Onone";
			};
			name = Debug;
		};
		10779E041E9C142300287557 /* Release */ = {
			isa = XCBuildConfiguration;
			buildSettings = {
				ALWAYS_SEARCH_USER_PATHS = NO;
				CLANG_ANALYZER_NONNULL = YES;
				CLANG_CXX_LANGUAGE_STANDARD = "gnu++0x";
				CLANG_CXX_LIBRARY = "libc++";
				CLANG_ENABLE_MODULES = YES;
				CLANG_ENABLE_OBJC_ARC = YES;
				CLANG_WARN_BOOL_CONVERSION = YES;
				CLANG_WARN_CONSTANT_CONVERSION = YES;
				CLANG_WARN_DIRECT_OBJC_ISA_USAGE = YES_ERROR;
				CLANG_WARN_DOCUMENTATION_COMMENTS = YES;
				CLANG_WARN_EMPTY_BODY = YES;
				CLANG_WARN_ENUM_CONVERSION = YES;
				CLANG_WARN_INFINITE_RECURSION = YES;
				CLANG_WARN_INT_CONVERSION = YES;
				CLANG_WARN_OBJC_ROOT_CLASS = YES_ERROR;
				CLANG_WARN_SUSPICIOUS_MOVES = YES;
				CLANG_WARN_UNREACHABLE_CODE = YES;
				CLANG_WARN__DUPLICATE_METHOD_MATCH = YES;
				"CODE_SIGN_IDENTITY[sdk=iphoneos*]" = "iPhone Developer";
				COPY_PHASE_STRIP = NO;
				DEBUG_INFORMATION_FORMAT = "dwarf-with-dsym";
				ENABLE_NS_ASSERTIONS = NO;
				ENABLE_STRICT_OBJC_MSGSEND = YES;
				GCC_C_LANGUAGE_STANDARD = gnu99;
				GCC_NO_COMMON_BLOCKS = YES;
				GCC_WARN_64_TO_32_BIT_CONVERSION = YES;
				GCC_WARN_ABOUT_RETURN_TYPE = YES_ERROR;
				GCC_WARN_UNDECLARED_SELECTOR = YES;
				GCC_WARN_UNINITIALIZED_AUTOS = YES_AGGRESSIVE;
				GCC_WARN_UNUSED_FUNCTION = YES;
				GCC_WARN_UNUSED_VARIABLE = YES;
				IPHONEOS_DEPLOYMENT_TARGET = 10.1;
				MTL_ENABLE_DEBUG_INFO = NO;
				SDKROOT = iphoneos;
				SWIFT_OPTIMIZATION_LEVEL = "-Owholemodule";
				VALIDATE_PRODUCT = YES;
			};
			name = Release;
		};
		10779E061E9C142300287557 /* Debug */ = {
			isa = XCBuildConfiguration;
			baseConfigurationReference = 586459E8617230A53872667D /* Pods-SeeVi.debug.xcconfig */;
			buildSettings = {
				ASSETCATALOG_COMPILER_APPICON_NAME = AppIcon;
				INFOPLIST_FILE = SeeVi/Info.plist;
				LD_RUNPATH_SEARCH_PATHS = "$(inherited) @executable_path/Frameworks";
				PRODUCT_BUNDLE_IDENTIFIER = com.test.SeeVi;
				PRODUCT_NAME = "$(TARGET_NAME)";
				SWIFT_VERSION = 3.0;
			};
			name = Debug;
		};
		10779E071E9C142300287557 /* Release */ = {
			isa = XCBuildConfiguration;
			baseConfigurationReference = 4664814C9453548D34778AF8 /* Pods-SeeVi.release.xcconfig */;
			buildSettings = {
				ASSETCATALOG_COMPILER_APPICON_NAME = AppIcon;
				INFOPLIST_FILE = SeeVi/Info.plist;
				LD_RUNPATH_SEARCH_PATHS = "$(inherited) @executable_path/Frameworks";
				PRODUCT_BUNDLE_IDENTIFIER = com.test.SeeVi;
				PRODUCT_NAME = "$(TARGET_NAME)";
				SWIFT_VERSION = 3.0;
			};
			name = Release;
		};
		10779E091E9C142300287557 /* Debug */ = {
			isa = XCBuildConfiguration;
			baseConfigurationReference = 116E4F1A1548294BF50407B4 /* Pods-SeeViTests.debug.xcconfig */;
			buildSettings = {
				ALWAYS_EMBED_SWIFT_STANDARD_LIBRARIES = YES;
				BUNDLE_LOADER = "$(TEST_HOST)";
				INFOPLIST_FILE = SeeViTests/Info.plist;
				LD_RUNPATH_SEARCH_PATHS = "$(inherited) @executable_path/Frameworks @loader_path/Frameworks";
				PRODUCT_BUNDLE_IDENTIFIER = com.test.SeeViTests;
				PRODUCT_NAME = "$(TARGET_NAME)";
				SWIFT_VERSION = 3.0;
				TEST_HOST = "$(BUILT_PRODUCTS_DIR)/SeeVi.app/SeeVi";
			};
			name = Debug;
		};
		10779E0A1E9C142300287557 /* Release */ = {
			isa = XCBuildConfiguration;
			baseConfigurationReference = 069D59AAC142E5332B1D570F /* Pods-SeeViTests.release.xcconfig */;
			buildSettings = {
				ALWAYS_EMBED_SWIFT_STANDARD_LIBRARIES = YES;
				BUNDLE_LOADER = "$(TEST_HOST)";
				INFOPLIST_FILE = SeeViTests/Info.plist;
				LD_RUNPATH_SEARCH_PATHS = "$(inherited) @executable_path/Frameworks @loader_path/Frameworks";
				PRODUCT_BUNDLE_IDENTIFIER = com.test.SeeViTests;
				PRODUCT_NAME = "$(TARGET_NAME)";
				SWIFT_VERSION = 3.0;
				TEST_HOST = "$(BUILT_PRODUCTS_DIR)/SeeVi.app/SeeVi";
			};
			name = Release;
		};
		10779E0C1E9C142300287557 /* Debug */ = {
			isa = XCBuildConfiguration;
			baseConfigurationReference = D1A22442B532858C8A46C1C1 /* Pods-SeeViUITests.debug.xcconfig */;
			buildSettings = {
				ALWAYS_EMBED_SWIFT_STANDARD_LIBRARIES = YES;
				INFOPLIST_FILE = SeeViUITests/Info.plist;
				LD_RUNPATH_SEARCH_PATHS = "$(inherited) @executable_path/Frameworks @loader_path/Frameworks";
				PRODUCT_BUNDLE_IDENTIFIER = com.test.SeeViUITests;
				PRODUCT_NAME = "$(TARGET_NAME)";
				SWIFT_VERSION = 3.0;
				TEST_TARGET_NAME = SeeVi;
			};
			name = Debug;
		};
		10779E0D1E9C142300287557 /* Release */ = {
			isa = XCBuildConfiguration;
			baseConfigurationReference = 5DF9434BB47002421FAD643C /* Pods-SeeViUITests.release.xcconfig */;
			buildSettings = {
				ALWAYS_EMBED_SWIFT_STANDARD_LIBRARIES = YES;
				INFOPLIST_FILE = SeeViUITests/Info.plist;
				LD_RUNPATH_SEARCH_PATHS = "$(inherited) @executable_path/Frameworks @loader_path/Frameworks";
				PRODUCT_BUNDLE_IDENTIFIER = com.test.SeeViUITests;
				PRODUCT_NAME = "$(TARGET_NAME)";
				SWIFT_VERSION = 3.0;
				TEST_TARGET_NAME = SeeVi;
			};
			name = Release;
		};
/* End XCBuildConfiguration section */

/* Begin XCConfigurationList section */
		10779DD81E9C142300287557 /* Build configuration list for PBXProject "SeeVi" */ = {
			isa = XCConfigurationList;
			buildConfigurations = (
				10779E031E9C142300287557 /* Debug */,
				10779E041E9C142300287557 /* Release */,
			);
			defaultConfigurationIsVisible = 0;
			defaultConfigurationName = Release;
		};
		10779E051E9C142300287557 /* Build configuration list for PBXNativeTarget "SeeVi" */ = {
			isa = XCConfigurationList;
			buildConfigurations = (
				10779E061E9C142300287557 /* Debug */,
				10779E071E9C142300287557 /* Release */,
			);
			defaultConfigurationIsVisible = 0;
			defaultConfigurationName = Release;
		};
		10779E081E9C142300287557 /* Build configuration list for PBXNativeTarget "SeeViTests" */ = {
			isa = XCConfigurationList;
			buildConfigurations = (
				10779E091E9C142300287557 /* Debug */,
				10779E0A1E9C142300287557 /* Release */,
			);
			defaultConfigurationIsVisible = 0;
			defaultConfigurationName = Release;
		};
		10779E0B1E9C142300287557 /* Build configuration list for PBXNativeTarget "SeeViUITests" */ = {
			isa = XCConfigurationList;
			buildConfigurations = (
				10779E0C1E9C142300287557 /* Debug */,
				10779E0D1E9C142300287557 /* Release */,
			);
			defaultConfigurationIsVisible = 0;
			defaultConfigurationName = Release;
		};
/* End XCConfigurationList section */
	};
	rootObject = 10779DD51E9C142300287557 /* Project object */;
}
